
Microsoft Visual Studio Solution File, Format Version 12.00
# Visual Studio Version 17
VisualStudioVersion = 17.4.33213.308
MinimumVisualStudioVersion = 10.0.40219.1
Project("{FAE04EC0-301F-11D3-BF4B-00C04F79EFBC}") = "WebApplicationDefault", "WebApplicationDefault\WebApplicationDefault.csproj", "{FE37C7E7-B475-488B-92FB-6AD10AB9EB53}"
EndProject
Global
	GlobalSection(SolutionConfigurationPlatforms) = preSolution
		Debug|Any CPU = Debug|Any CPU
		Release|Any CPU = Release|Any CPU
	EndGlobalSection
	GlobalSection(ProjectConfigurationPlatforms) = postSolution
		{FE37C7E7-B475-488B-92FB-6AD10AB9EB53}.Debug|Any CPU.ActiveCfg = Debug|Any CPU
		{FE37C7E7-B475-488B-92FB-6AD10AB9EB53}.Debug|Any CPU.Build.0 = Debug|Any CPU
		{FE37C7E7-B475-488B-92FB-6AD10AB9EB53}.Release|Any CPU.ActiveCfg = Release|Any CPU
		{FE37C7E7-B475-488B-92FB-6AD10AB9EB53}.Release|Any CPU.Build.0 = Release|Any CPU
	EndGlobalSection
	GlobalSection(SolutionProperties) = preSolution
		HideSolutionNode = FALSE
	EndGlobalSection
	GlobalSection(ExtensibilityGlobals) = postSolution
		SolutionGuid = {0477EBFA-EA25-4B19-9E2F-7668C69DFDBA}
	EndGlobalSection
EndGlobal
